
Microsoft Visual Studio Solution File, Format Version 12.00
# Visual Studio Version 17
VisualStudioVersion = 17.0.32014.148
MinimumVisualStudioVersion = 10.0.40219.1
Project("{9A19103F-16F7-4668-BE54-9A1E7A4F7556}") = "DiDemo", "DiDemo\DiDemo.csproj", "{033ACA5E-E216-4F6C-8E19-61CBE0BB5386}"
EndProject
Project("{9A19103F-16F7-4668-BE54-9A1E7A4F7556}") = "Benchmarks", "Benchmarks\Benchmarks.csproj", "{EB1FF513-6F20-499A-BBF1-F5A7703E54BD}"
EndProject
Project("{9A19103F-16F7-4668-BE54-9A1E7A4F7556}") = "Generator", "Generator\Generator.csproj", "{5B6451E1-0C8A-46B9-BA84-C06AA43B88BF}"
EndProject
Project("{9A19103F-16F7-4668-BE54-9A1E7A4F7556}") = "Primitives", "Primitives\Primitives.csproj", "{23D428C5-5438-45AE-8997-4CFA9CFA34C2}"
EndProject
Project("{FAE04EC0-301F-11D3-BF4B-00C04F79EFBC}") = "Generator.Tests", "Generator.Tests\Generator.Tests.csproj", "{C5A4610B-1609-46CF-8E2F-CA0E8ECB89D8}"
EndProject
Global
	GlobalSection(SolutionConfigurationPlatforms) = preSolution
		Debug_Generator|Any CPU = Debug_Generator|Any CPU
		Debug|Any CPU = Debug|Any CPU
		Release|Any CPU = Release|Any CPU
	EndGlobalSection
	GlobalSection(ProjectConfigurationPlatforms) = postSolution
		{033ACA5E-E216-4F6C-8E19-61CBE0BB5386}.Debug_Generator|Any CPU.ActiveCfg = Debug|Any CPU
		{033ACA5E-E216-4F6C-8E19-61CBE0BB5386}.Debug_Generator|Any CPU.Build.0 = Debug|Any CPU
		{033ACA5E-E216-4F6C-8E19-61CBE0BB5386}.Debug|Any CPU.ActiveCfg = Debug|Any CPU
		{033ACA5E-E216-4F6C-8E19-61CBE0BB5386}.Debug|Any CPU.Build.0 = Debug|Any CPU
		{033ACA5E-E216-4F6C-8E19-61CBE0BB5386}.Release|Any CPU.ActiveCfg = Release|Any CPU
		{033ACA5E-E216-4F6C-8E19-61CBE0BB5386}.Release|Any CPU.Build.0 = Release|Any CPU
		{EB1FF513-6F20-499A-BBF1-F5A7703E54BD}.Debug_Generator|Any CPU.ActiveCfg = Debug|Any CPU
		{EB1FF513-6F20-499A-BBF1-F5A7703E54BD}.Debug_Generator|Any CPU.Build.0 = Debug|Any CPU
		{EB1FF513-6F20-499A-BBF1-F5A7703E54BD}.Debug|Any CPU.ActiveCfg = Debug|Any CPU
		{EB1FF513-6F20-499A-BBF1-F5A7703E54BD}.Debug|Any CPU.Build.0 = Debug|Any CPU
		{EB1FF513-6F20-499A-BBF1-F5A7703E54BD}.Release|Any CPU.ActiveCfg = Release|Any CPU
		{EB1FF513-6F20-499A-BBF1-F5A7703E54BD}.Release|Any CPU.Build.0 = Release|Any CPU
		{5B6451E1-0C8A-46B9-BA84-C06AA43B88BF}.Debug_Generator|Any CPU.ActiveCfg = Debug_Generator|Any CPU
		{5B6451E1-0C8A-46B9-BA84-C06AA43B88BF}.Debug_Generator|Any CPU.Build.0 = Debug_Generator|Any CPU
		{5B6451E1-0C8A-46B9-BA84-C06AA43B88BF}.Debug|Any CPU.ActiveCfg = Debug|Any CPU
		{5B6451E1-0C8A-46B9-BA84-C06AA43B88BF}.Debug|Any CPU.Build.0 = Debug|Any CPU
		{5B6451E1-0C8A-46B9-BA84-C06AA43B88BF}.Release|Any CPU.ActiveCfg = Release|Any CPU
		{5B6451E1-0C8A-46B9-BA84-C06AA43B88BF}.Release|Any CPU.Build.0 = Release|Any CPU
		{23D428C5-5438-45AE-8997-4CFA9CFA34C2}.Debug_Generator|Any CPU.ActiveCfg = Debug|Any CPU
		{23D428C5-5438-45AE-8997-4CFA9CFA34C2}.Debug_Generator|Any CPU.Build.0 = Debug|Any CPU
		{23D428C5-5438-45AE-8997-4CFA9CFA34C2}.Debug|Any CPU.ActiveCfg = Debug|Any CPU
		{23D428C5-5438-45AE-8997-4CFA9CFA34C2}.Debug|Any CPU.Build.0 = Debug|Any CPU
		{23D428C5-5438-45AE-8997-4CFA9CFA34C2}.Release|Any CPU.ActiveCfg = Release|Any CPU
		{23D428C5-5438-45AE-8997-4CFA9CFA34C2}.Release|Any CPU.Build.0 = Release|Any CPU
		{C5A4610B-1609-46CF-8E2F-CA0E8ECB89D8}.Debug_Generator|Any CPU.ActiveCfg = Debug|Any CPU
		{C5A4610B-1609-46CF-8E2F-CA0E8ECB89D8}.Debug_Generator|Any CPU.Build.0 = Debug|Any CPU
		{C5A4610B-1609-46CF-8E2F-CA0E8ECB89D8}.Debug|Any CPU.ActiveCfg = Debug|Any CPU
		{C5A4610B-1609-46CF-8E2F-CA0E8ECB89D8}.Debug|Any CPU.Build.0 = Debug|Any CPU
		{C5A4610B-1609-46CF-8E2F-CA0E8ECB89D8}.Release|Any CPU.ActiveCfg = Release|Any CPU
		{C5A4610B-1609-46CF-8E2F-CA0E8ECB89D8}.Release|Any CPU.Build.0 = Release|Any CPU
	EndGlobalSection
	GlobalSection(SolutionProperties) = preSolution
		HideSolutionNode = FALSE
	EndGlobalSection
	GlobalSection(ExtensibilityGlobals) = postSolution
		SolutionGuid = {E05D90F7-6BC3-4638-8211-F255EB160A6C}
	EndGlobalSection
EndGlobal
